// !$*UTF8*$!
{
	archiveVersion = 1;
	classes = {
	};
	objectVersion = 45;
	objects = {

/* Begin PBXBuildFile section */
		1D3623260D0F684500981E51 /* AditloAppDelegate.m in Sources */ = {isa = PBXBuildFile; fileRef = 1D3623250D0F684500981E51 /* AditloAppDelegate.m */; };
		1D60589B0D05DD56006BFB54 /* main.m in Sources */ = {isa = PBXBuildFile; fileRef = 29B97316FDCFA39411CA2CEA /* main.m */; };
		1D60589F0D05DD5A006BFB54 /* Foundation.framework in Frameworks */ = {isa = PBXBuildFile; fileRef = 1D30AB110D05D00D00671497 /* Foundation.framework */; };
		1DF5F4E00D08C38300B7A737 /* UIKit.framework in Frameworks */ = {isa = PBXBuildFile; fileRef = 1DF5F4DF0D08C38300B7A737 /* UIKit.framework */; };
		288765FD0DF74451002DB57D /* CoreGraphics.framework in Frameworks */ = {isa = PBXBuildFile; fileRef = 288765FC0DF74451002DB57D /* CoreGraphics.framework */; };
		28AD733F0D9D9553002E5188 /* MainWindow.xib in Resources */ = {isa = PBXBuildFile; fileRef = 28AD733E0D9D9553002E5188 /* MainWindow.xib */; };
		D2123510130697650024D902 /* AdilTableViewController.m in Sources */ = {isa = PBXBuildFile; fileRef = D212350E130697650024D902 /* AdilTableViewController.m */; };
		D212352713069C7E0024D902 /* AdilTable.m in Sources */ = {isa = PBXBuildFile; fileRef = D212352513069C7E0024D902 /* AdilTable.m */; };
		D212359A1306A4A00024D902 /* MainViewController.m in Sources */ = {isa = PBXBuildFile; fileRef = D21235981306A4A00024D902 /* MainViewController.m */; };
		D22E9326131061DB00A46975 /* MobileCoreServices.framework in Frameworks */ = {isa = PBXBuildFile; fileRef = D22E9325131061DB00A46975 /* MobileCoreServices.framework */; };
		D22E93341310639000A46975 /* AdilRecorderController.m in Sources */ = {isa = PBXBuildFile; fileRef = D22E93331310639000A46975 /* AdilRecorderController.m */; };
		D22E93441310700100A46975 /* CreateAdilRequest.m in Sources */ = {isa = PBXBuildFile; fileRef = D22E93431310700100A46975 /* CreateAdilRequest.m */; };
		D22E935A1310752400A46975 /* ASIAuthenticationDialog.m in Sources */ = {isa = PBXBuildFile; fileRef = D22E93471310752400A46975 /* ASIAuthenticationDialog.m */; };
		D22E935B1310752400A46975 /* ASIDataCompressor.m in Sources */ = {isa = PBXBuildFile; fileRef = D22E934A1310752400A46975 /* ASIDataCompressor.m */; };
		D22E935C1310752400A46975 /* ASIDataDecompressor.m in Sources */ = {isa = PBXBuildFile; fileRef = D22E934C1310752400A46975 /* ASIDataDecompressor.m */; };
		D22E935D1310752400A46975 /* ASIDownloadCache.m in Sources */ = {isa = PBXBuildFile; fileRef = D22E934E1310752400A46975 /* ASIDownloadCache.m */; };
		D22E935E1310752400A46975 /* ASIFormDataRequest.m in Sources */ = {isa = PBXBuildFile; fileRef = D22E93501310752400A46975 /* ASIFormDataRequest.m */; };
		D22E935F1310752400A46975 /* ASIHTTPRequest.m in Sources */ = {isa = PBXBuildFile; fileRef = D22E93521310752400A46975 /* ASIHTTPRequest.m */; };
		D22E93601310752400A46975 /* ASIInputStream.m in Sources */ = {isa = PBXBuildFile; fileRef = D22E93561310752400A46975 /* ASIInputStream.m */; };
		D22E93611310752400A46975 /* ASINetworkQueue.m in Sources */ = {isa = PBXBuildFile; fileRef = D22E93581310752400A46975 /* ASINetworkQueue.m */; };
		D22E93631310753700A46975 /* CFNetwork.framework in Frameworks */ = {isa = PBXBuildFile; fileRef = D22E93621310753700A46975 /* CFNetwork.framework */; };
		D22E93671310755000A46975 /* SystemConfiguration.framework in Frameworks */ = {isa = PBXBuildFile; fileRef = D22E93661310755000A46975 /* SystemConfiguration.framework */; };
		D22E936B1310755F00A46975 /* libz.dylib in Frameworks */ = {isa = PBXBuildFile; fileRef = D22E936A1310755F00A46975 /* libz.dylib */; };
		D22E9377131075F500A46975 /* Reachability.m in Sources */ = {isa = PBXBuildFile; fileRef = D22E9376131075F500A46975 /* Reachability.m */; };
		D22E94BA1310894100A46975 /* TodayRequest.m in Sources */ = {isa = PBXBuildFile; fileRef = D22E94B91310894100A46975 /* TodayRequest.m */; };
		D22E94CB13108B9200A46975 /* JSONParser.m in Sources */ = {isa = PBXBuildFile; fileRef = D22E94CA13108B9200A46975 /* JSONParser.m */; };
		D22E952D13108EDE00A46975 /* RequestBase.m in Sources */ = {isa = PBXBuildFile; fileRef = D22E952C13108EDE00A46975 /* RequestBase.m */; };
		D22E97A11312B0A500A46975 /* MediaPlayer.framework in Frameworks */ = {isa = PBXBuildFile; fileRef = D22E97A01312B0A500A46975 /* MediaPlayer.framework */; };
		D26A1C6E13082269007B2D43 /* TodayResult.m in Sources */ = {isa = PBXBuildFile; fileRef = D26A1C6D13082269007B2D43 /* TodayResult.m */; };
		D26A1C8713082590007B2D43 /* NSObject+SBJSON.m in Sources */ = {isa = PBXBuildFile; fileRef = D26A1C7E13082590007B2D43 /* NSObject+SBJSON.m */; };
		D26A1C8813082590007B2D43 /* NSString+SBJSON.m in Sources */ = {isa = PBXBuildFile; fileRef = D26A1C8013082590007B2D43 /* NSString+SBJSON.m */; };
		D26A1C8913082590007B2D43 /* SBJsonBase.m in Sources */ = {isa = PBXBuildFile; fileRef = D26A1C8213082590007B2D43 /* SBJsonBase.m */; };
		D26A1C8A13082590007B2D43 /* SBJsonParser.m in Sources */ = {isa = PBXBuildFile; fileRef = D26A1C8413082590007B2D43 /* SBJsonParser.m */; };
		D26A1C8B13082590007B2D43 /* SBJsonWriter.m in Sources */ = {isa = PBXBuildFile; fileRef = D26A1C8613082590007B2D43 /* SBJsonWriter.m */; };
		D26A1CD113082C59007B2D43 /* Adil.m in Sources */ = {isa = PBXBuildFile; fileRef = D26A1CD013082C59007B2D43 /* Adil.m */; };
		D26A1CFC13083323007B2D43 /* Constants.m in Sources */ = {isa = PBXBuildFile; fileRef = D26A1CFB13083323007B2D43 /* Constants.m */; };
		D26A1D001308347D007B2D43 /* C.m in Sources */ = {isa = PBXBuildFile; fileRef = D26A1CFF1308347D007B2D43 /* C.m */; };
		D26A1D9D13084823007B2D43 /* AdilViewModel.m in Sources */ = {isa = PBXBuildFile; fileRef = D26A1D9C13084823007B2D43 /* AdilViewModel.m */; };
		D26A1DCB13084C67007B2D43 /* ThumbDownloader.m in Sources */ = {isa = PBXBuildFile; fileRef = D26A1DCA13084C67007B2D43 /* ThumbDownloader.m */; };
		D26A1E631308517E007B2D43 /* AdilTableCellViewModel.m in Sources */ = {isa = PBXBuildFile; fileRef = D26A1E621308517E007B2D43 /* AdilTableCellViewModel.m */; };
		D2B5104E13075159006542D9 /* sample.jpg in Resources */ = {isa = PBXBuildFile; fileRef = D2B5104D13075159006542D9 /* sample.jpg */; };
		D2B5105313075269006542D9 /* sample2.jpg in Resources */ = {isa = PBXBuildFile; fileRef = D2B5105113075269006542D9 /* sample2.jpg */; };
		D2B5105413075269006542D9 /* sample3.jpg in Resources */ = {isa = PBXBuildFile; fileRef = D2B5105213075269006542D9 /* sample3.jpg */; };
		D2B5106413075DBA006542D9 /* adilla_logo.png in Resources */ = {isa = PBXBuildFile; fileRef = D2B5106313075DBA006542D9 /* adilla_logo.png */; };
		D2B510821307616D006542D9 /* MainView.xib in Resources */ = {isa = PBXBuildFile; fileRef = D2B510811307616D006542D9 /* MainView.xib */; };
		D2B5112513077816006542D9 /* adilla_logo@2x.png in Resources */ = {isa = PBXBuildFile; fileRef = D2B5112413077816006542D9 /* adilla_logo@2x.png */; };
		D2B5115613077ACE006542D9 /* VideoDetailViewController.m in Sources */ = {isa = PBXBuildFile; fileRef = D2B5115413077ACE006542D9 /* VideoDetailViewController.m */; };
		D2B5115713077ACE006542D9 /* VideoDetailViewController.xib in Resources */ = {isa = PBXBuildFile; fileRef = D2B5115513077ACE006542D9 /* VideoDetailViewController.xib */; };
		D2B5129713078977006542D9 /* FastTableViewCell.m in Sources */ = {isa = PBXBuildFile; fileRef = D2B5129613078977006542D9 /* FastTableViewCell.m */; };
		D2FCE096130B621A00A1C8D0 /* AdilTableCell.m in Sources */ = {isa = PBXBuildFile; fileRef = D2FCE095130B621A00A1C8D0 /* AdilTableCell.m */; };
		D2FCE19F130B7A3D00A1C8D0 /* app_icon.png in Resources */ = {isa = PBXBuildFile; fileRef = D2FCE19D130B7A3D00A1C8D0 /* app_icon.png */; };
		D2FCE1A0130B7A3D00A1C8D0 /* app_icon@2x.png in Resources */ = {isa = PBXBuildFile; fileRef = D2FCE19E130B7A3D00A1C8D0 /* app_icon@2x.png */; };
/* End PBXBuildFile section */

/* Begin PBXFileReference section */
		1D30AB110D05D00D00671497 /* Foundation.framework */ = {isa = PBXFileReference; lastKnownFileType = wrapper.framework; name = Foundation.framework; path = System/Library/Frameworks/Foundation.framework; sourceTree = SDKROOT; };
		1D3623240D0F684500981E51 /* AditloAppDelegate.h */ = {isa = PBXFileReference; fileEncoding = 4; lastKnownFileType = sourcecode.c.h; path = AditloAppDelegate.h; sourceTree = "<group>"; };
		1D3623250D0F684500981E51 /* AditloAppDelegate.m */ = {isa = PBXFileReference; fileEncoding = 4; lastKnownFileType = sourcecode.c.objc; path = AditloAppDelegate.m; sourceTree = "<group>"; };
		1D6058910D05DD3D006BFB54 /* Aditlo.app */ = {isa = PBXFileReference; explicitFileType = wrapper.application; includeInIndex = 0; path = Aditlo.app; sourceTree = BUILT_PRODUCTS_DIR; };
		1DF5F4DF0D08C38300B7A737 /* UIKit.framework */ = {isa = PBXFileReference; lastKnownFileType = wrapper.framework; name = UIKit.framework; path = System/Library/Frameworks/UIKit.framework; sourceTree = SDKROOT; };
		288765FC0DF74451002DB57D /* CoreGraphics.framework */ = {isa = PBXFileReference; lastKnownFileType = wrapper.framework; name = CoreGraphics.framework; path = System/Library/Frameworks/CoreGraphics.framework; sourceTree = SDKROOT; };
		28AD733E0D9D9553002E5188 /* MainWindow.xib */ = {isa = PBXFileReference; lastKnownFileType = file.xib; path = MainWindow.xib; sourceTree = "<group>"; };
		29B97316FDCFA39411CA2CEA /* main.m */ = {isa = PBXFileReference; fileEncoding = 4; lastKnownFileType = sourcecode.c.objc; path = main.m; sourceTree = "<group>"; };
		32CA4F630368D1EE00C91783 /* Aditlo_Prefix.pch */ = {isa = PBXFileReference; fileEncoding = 4; lastKnownFileType = sourcecode.c.h; path = Aditlo_Prefix.pch; sourceTree = "<group>"; };
		8D1107310486CEB800E47090 /* Aditlo-Info.plist */ = {isa = PBXFileReference; fileEncoding = 4; lastKnownFileType = text.plist.xml; path = "Aditlo-Info.plist"; plistStructureDefinitionIdentifier = "com.apple.xcode.plist.structure-definition.iphone.info-plist"; sourceTree = "<group>"; };
		D212350D130697650024D902 /* AdilTableViewController.h */ = {isa = PBXFileReference; fileEncoding = 4; lastKnownFileType = sourcecode.c.h; path = AdilTableViewController.h; sourceTree = "<group>"; };
		D212350E130697650024D902 /* AdilTableViewController.m */ = {isa = PBXFileReference; fileEncoding = 4; lastKnownFileType = sourcecode.c.objc; path = AdilTableViewController.m; sourceTree = "<group>"; };
		D212352413069C7E0024D902 /* AdilTable.h */ = {isa = PBXFileReference; fileEncoding = 4; lastKnownFileType = sourcecode.c.h; path = AdilTable.h; sourceTree = "<group>"; };
		D212352513069C7E0024D902 /* AdilTable.m */ = {isa = PBXFileReference; fileEncoding = 4; lastKnownFileType = sourcecode.c.objc; path = AdilTable.m; sourceTree = "<group>"; };
		D21235971306A4A00024D902 /* MainViewController.h */ = {isa = PBXFileReference; fileEncoding = 4; lastKnownFileType = sourcecode.c.h; path = MainViewController.h; sourceTree = "<group>"; };
		D21235981306A4A00024D902 /* MainViewController.m */ = {isa = PBXFileReference; fileEncoding = 4; lastKnownFileType = sourcecode.c.objc; path = MainViewController.m; sourceTree = "<group>"; };
		D22E9325131061DB00A46975 /* MobileCoreServices.framework */ = {isa = PBXFileReference; lastKnownFileType = wrapper.framework; name = MobileCoreServices.framework; path = System/Library/Frameworks/MobileCoreServices.framework; sourceTree = SDKROOT; };
		D22E93321310639000A46975 /* AdilRecorderController.h */ = {isa = PBXFileReference; fileEncoding = 4; lastKnownFileType = sourcecode.c.h; path = AdilRecorderController.h; sourceTree = "<group>"; };
		D22E93331310639000A46975 /* AdilRecorderController.m */ = {isa = PBXFileReference; fileEncoding = 4; lastKnownFileType = sourcecode.c.objc; path = AdilRecorderController.m; sourceTree = "<group>"; };
		D22E93421310700100A46975 /* CreateAdilRequest.h */ = {isa = PBXFileReference; fileEncoding = 4; lastKnownFileType = sourcecode.c.h; path = CreateAdilRequest.h; sourceTree = "<group>"; };
		D22E93431310700100A46975 /* CreateAdilRequest.m */ = {isa = PBXFileReference; fileEncoding = 4; lastKnownFileType = sourcecode.c.objc; path = CreateAdilRequest.m; sourceTree = "<group>"; };
		D22E93461310752400A46975 /* ASIAuthenticationDialog.h */ = {isa = PBXFileReference; fileEncoding = 4; lastKnownFileType = sourcecode.c.h; path = ASIAuthenticationDialog.h; sourceTree = "<group>"; };
		D22E93471310752400A46975 /* ASIAuthenticationDialog.m */ = {isa = PBXFileReference; fileEncoding = 4; lastKnownFileType = sourcecode.c.objc; path = ASIAuthenticationDialog.m; sourceTree = "<group>"; };
		D22E93481310752400A46975 /* ASICacheDelegate.h */ = {isa = PBXFileReference; fileEncoding = 4; lastKnownFileType = sourcecode.c.h; path = ASICacheDelegate.h; sourceTree = "<group>"; };
		D22E93491310752400A46975 /* ASIDataCompressor.h */ = {isa = PBXFileReference; fileEncoding = 4; lastKnownFileType = sourcecode.c.h; path = ASIDataCompressor.h; sourceTree = "<group>"; };
		D22E934A1310752400A46975 /* ASIDataCompressor.m */ = {isa = PBXFileReference; fileEncoding = 4; lastKnownFileType = sourcecode.c.objc; path = ASIDataCompressor.m; sourceTree = "<group>"; };
		D22E934B1310752400A46975 /* ASIDataDecompressor.h */ = {isa = PBXFileReference; fileEncoding = 4; lastKnownFileType = sourcecode.c.h; path = ASIDataDecompressor.h; sourceTree = "<group>"; };
		D22E934C1310752400A46975 /* ASIDataDecompressor.m */ = {isa = PBXFileReference; fileEncoding = 4; lastKnownFileType = sourcecode.c.objc; path = ASIDataDecompressor.m; sourceTree = "<group>"; };
		D22E934D1310752400A46975 /* ASIDownloadCache.h */ = {isa = PBXFileReference; fileEncoding = 4; lastKnownFileType = sourcecode.c.h; path = ASIDownloadCache.h; sourceTree = "<group>"; };
		D22E934E1310752400A46975 /* ASIDownloadCache.m */ = {isa = PBXFileReference; fileEncoding = 4; lastKnownFileType = sourcecode.c.objc; path = ASIDownloadCache.m; sourceTree = "<group>"; };
		D22E934F1310752400A46975 /* ASIFormDataRequest.h */ = {isa = PBXFileReference; fileEncoding = 4; lastKnownFileType = sourcecode.c.h; path = ASIFormDataRequest.h; sourceTree = "<group>"; };
		D22E93501310752400A46975 /* ASIFormDataRequest.m */ = {isa = PBXFileReference; fileEncoding = 4; lastKnownFileType = sourcecode.c.objc; path = ASIFormDataRequest.m; sourceTree = "<group>"; };
		D22E93511310752400A46975 /* ASIHTTPRequest.h */ = {isa = PBXFileReference; fileEncoding = 4; lastKnownFileType = sourcecode.c.h; path = ASIHTTPRequest.h; sourceTree = "<group>"; };
		D22E93521310752400A46975 /* ASIHTTPRequest.m */ = {isa = PBXFileReference; fileEncoding = 4; lastKnownFileType = sourcecode.c.objc; path = ASIHTTPRequest.m; sourceTree = "<group>"; };
		D22E93531310752400A46975 /* ASIHTTPRequestConfig.h */ = {isa = PBXFileReference; fileEncoding = 4; lastKnownFileType = sourcecode.c.h; path = ASIHTTPRequestConfig.h; sourceTree = "<group>"; };
		D22E93541310752400A46975 /* ASIHTTPRequestDelegate.h */ = {isa = PBXFileReference; fileEncoding = 4; lastKnownFileType = sourcecode.c.h; path = ASIHTTPRequestDelegate.h; sourceTree = "<group>"; };
		D22E93551310752400A46975 /* ASIInputStream.h */ = {isa = PBXFileReference; fileEncoding = 4; lastKnownFileType = sourcecode.c.h; path = ASIInputStream.h; sourceTree = "<group>"; };
		D22E93561310752400A46975 /* ASIInputStream.m */ = {isa = PBXFileReference; fileEncoding = 4; lastKnownFileType = sourcecode.c.objc; path = ASIInputStream.m; sourceTree = "<group>"; };
		D22E93571310752400A46975 /* ASINetworkQueue.h */ = {isa = PBXFileReference; fileEncoding = 4; lastKnownFileType = sourcecode.c.h; path = ASINetworkQueue.h; sourceTree = "<group>"; };
		D22E93581310752400A46975 /* ASINetworkQueue.m */ = {isa = PBXFileReference; fileEncoding = 4; lastKnownFileType = sourcecode.c.objc; path = ASINetworkQueue.m; sourceTree = "<group>"; };
		D22E93591310752400A46975 /* ASIProgressDelegate.h */ = {isa = PBXFileReference; fileEncoding = 4; lastKnownFileType = sourcecode.c.h; path = ASIProgressDelegate.h; sourceTree = "<group>"; };
		D22E93621310753700A46975 /* CFNetwork.framework */ = {isa = PBXFileReference; lastKnownFileType = wrapper.framework; name = CFNetwork.framework; path = System/Library/Frameworks/CFNetwork.framework; sourceTree = SDKROOT; };
		D22E93661310755000A46975 /* SystemConfiguration.framework */ = {isa = PBXFileReference; lastKnownFileType = wrapper.framework; name = SystemConfiguration.framework; path = System/Library/Frameworks/SystemConfiguration.framework; sourceTree = SDKROOT; };
		D22E936A1310755F00A46975 /* libz.dylib */ = {isa = PBXFileReference; lastKnownFileType = "compiled.mach-o.dylib"; name = libz.dylib; path = usr/lib/libz.dylib; sourceTree = SDKROOT; };
		D22E9375131075F500A46975 /* Reachability.h */ = {isa = PBXFileReference; fileEncoding = 4; lastKnownFileType = sourcecode.c.h; path = Reachability.h; sourceTree = "<group>"; };
		D22E9376131075F500A46975 /* Reachability.m */ = {isa = PBXFileReference; fileEncoding = 4; lastKnownFileType = sourcecode.c.objc; path = Reachability.m; sourceTree = "<group>"; };
		D22E94B81310894100A46975 /* TodayRequest.h */ = {isa = PBXFileReference; fileEncoding = 4; lastKnownFileType = sourcecode.c.h; path = TodayRequest.h; sourceTree = "<group>"; };
		D22E94B91310894100A46975 /* TodayRequest.m */ = {isa = PBXFileReference; fileEncoding = 4; lastKnownFileType = sourcecode.c.objc; path = TodayRequest.m; sourceTree = "<group>"; };
		D22E94C913108B9200A46975 /* JSONParser.h */ = {isa = PBXFileReference; fileEncoding = 4; lastKnownFileType = sourcecode.c.h; path = JSONParser.h; sourceTree = "<group>"; };
		D22E94CA13108B9200A46975 /* JSONParser.m */ = {isa = PBXFileReference; fileEncoding = 4; lastKnownFileType = sourcecode.c.objc; path = JSONParser.m; sourceTree = "<group>"; };
		D22E952B13108EDE00A46975 /* RequestBase.h */ = {isa = PBXFileReference; fileEncoding = 4; lastKnownFileType = sourcecode.c.h; path = RequestBase.h; sourceTree = "<group>"; };
		D22E952C13108EDE00A46975 /* RequestBase.m */ = {isa = PBXFileReference; fileEncoding = 4; lastKnownFileType = sourcecode.c.objc; path = RequestBase.m; sourceTree = "<group>"; };
		D22E95721310945F00A46975 /* RequestHeaders.h */ = {isa = PBXFileReference; fileEncoding = 4; lastKnownFileType = sourcecode.c.h; path = RequestHeaders.h; sourceTree = "<group>"; };
		D22E97A01312B0A500A46975 /* MediaPlayer.framework */ = {isa = PBXFileReference; lastKnownFileType = wrapper.framework; name = MediaPlayer.framework; path = System/Library/Frameworks/MediaPlayer.framework; sourceTree = SDKROOT; };
		D26A1C6C13082269007B2D43 /* TodayResult.h */ = {isa = PBXFileReference; fileEncoding = 4; lastKnownFileType = sourcecode.c.h; path = TodayResult.h; sourceTree = "<group>"; };
		D26A1C6D13082269007B2D43 /* TodayResult.m */ = {isa = PBXFileReference; fileEncoding = 4; lastKnownFileType = sourcecode.c.objc; path = TodayResult.m; sourceTree = "<group>"; };
		D26A1C7C13082590007B2D43 /* JSON.h */ = {isa = PBXFileReference; fileEncoding = 4; lastKnownFileType = sourcecode.c.h; name = JSON.h; path = Lib/JSON/JSON.h; sourceTree = "<group>"; };
		D26A1C7D13082590007B2D43 /* NSObject+SBJSON.h */ = {isa = PBXFileReference; fileEncoding = 4; lastKnownFileType = sourcecode.c.h; name = "NSObject+SBJSON.h"; path = "Lib/JSON/NSObject+SBJSON.h"; sourceTree = "<group>"; };
		D26A1C7E13082590007B2D43 /* NSObject+SBJSON.m */ = {isa = PBXFileReference; fileEncoding = 4; lastKnownFileType = sourcecode.c.objc; name = "NSObject+SBJSON.m"; path = "Lib/JSON/NSObject+SBJSON.m"; sourceTree = "<group>"; };
		D26A1C7F13082590007B2D43 /* NSString+SBJSON.h */ = {isa = PBXFileReference; fileEncoding = 4; lastKnownFileType = sourcecode.c.h; name = "NSString+SBJSON.h"; path = "Lib/JSON/NSString+SBJSON.h"; sourceTree = "<group>"; };
		D26A1C8013082590007B2D43 /* NSString+SBJSON.m */ = {isa = PBXFileReference; fileEncoding = 4; lastKnownFileType = sourcecode.c.objc; name = "NSString+SBJSON.m"; path = "Lib/JSON/NSString+SBJSON.m"; sourceTree = "<group>"; };
		D26A1C8113082590007B2D43 /* SBJsonBase.h */ = {isa = PBXFileReference; fileEncoding = 4; lastKnownFileType = sourcecode.c.h; name = SBJsonBase.h; path = Lib/JSON/SBJsonBase.h; sourceTree = "<group>"; };
		D26A1C8213082590007B2D43 /* SBJsonBase.m */ = {isa = PBXFileReference; fileEncoding = 4; lastKnownFileType = sourcecode.c.objc; name = SBJsonBase.m; path = Lib/JSON/SBJsonBase.m; sourceTree = "<group>"; };
		D26A1C8313082590007B2D43 /* SBJsonParser.h */ = {isa = PBXFileReference; fileEncoding = 4; lastKnownFileType = sourcecode.c.h; name = SBJsonParser.h; path = Lib/JSON/SBJsonParser.h; sourceTree = "<group>"; };
		D26A1C8413082590007B2D43 /* SBJsonParser.m */ = {isa = PBXFileReference; fileEncoding = 4; lastKnownFileType = sourcecode.c.objc; name = SBJsonParser.m; path = Lib/JSON/SBJsonParser.m; sourceTree = "<group>"; };
		D26A1C8513082590007B2D43 /* SBJsonWriter.h */ = {isa = PBXFileReference; fileEncoding = 4; lastKnownFileType = sourcecode.c.h; name = SBJsonWriter.h; path = Lib/JSON/SBJsonWriter.h; sourceTree = "<group>"; };
		D26A1C8613082590007B2D43 /* SBJsonWriter.m */ = {isa = PBXFileReference; fileEncoding = 4; lastKnownFileType = sourcecode.c.objc; name = SBJsonWriter.m; path = Lib/JSON/SBJsonWriter.m; sourceTree = "<group>"; };
		D26A1CCF13082C59007B2D43 /* Adil.h */ = {isa = PBXFileReference; fileEncoding = 4; lastKnownFileType = sourcecode.c.h; path = Adil.h; sourceTree = "<group>"; };
		D26A1CD013082C59007B2D43 /* Adil.m */ = {isa = PBXFileReference; fileEncoding = 4; lastKnownFileType = sourcecode.c.objc; path = Adil.m; sourceTree = "<group>"; };
		D26A1CFA13083323007B2D43 /* Constants.h */ = {isa = PBXFileReference; fileEncoding = 4; lastKnownFileType = sourcecode.c.h; path = Constants.h; sourceTree = "<group>"; };
		D26A1CFB13083323007B2D43 /* Constants.m */ = {isa = PBXFileReference; fileEncoding = 4; lastKnownFileType = sourcecode.c.objc; path = Constants.m; sourceTree = "<group>"; };
		D26A1CFE1308347D007B2D43 /* C.h */ = {isa = PBXFileReference; fileEncoding = 4; lastKnownFileType = sourcecode.c.h; path = C.h; sourceTree = "<group>"; };
		D26A1CFF1308347D007B2D43 /* C.m */ = {isa = PBXFileReference; fileEncoding = 4; lastKnownFileType = sourcecode.c.objc; path = C.m; sourceTree = "<group>"; };
		D26A1D9B13084823007B2D43 /* AdilViewModel.h */ = {isa = PBXFileReference; fileEncoding = 4; lastKnownFileType = sourcecode.c.h; path = AdilViewModel.h; sourceTree = "<group>"; };
		D26A1D9C13084823007B2D43 /* AdilViewModel.m */ = {isa = PBXFileReference; fileEncoding = 4; lastKnownFileType = sourcecode.c.objc; path = AdilViewModel.m; sourceTree = "<group>"; };
		D26A1DC913084C67007B2D43 /* ThumbDownloader.h */ = {isa = PBXFileReference; fileEncoding = 4; lastKnownFileType = sourcecode.c.h; path = ThumbDownloader.h; sourceTree = "<group>"; };
		D26A1DCA13084C67007B2D43 /* ThumbDownloader.m */ = {isa = PBXFileReference; fileEncoding = 4; lastKnownFileType = sourcecode.c.objc; path = ThumbDownloader.m; sourceTree = "<group>"; };
		D26A1DF713084EFB007B2D43 /* ResultHeaders.h */ = {isa = PBXFileReference; fileEncoding = 4; lastKnownFileType = sourcecode.c.h; path = ResultHeaders.h; sourceTree = "<group>"; };
		D26A1E611308517E007B2D43 /* AdilTableCellViewModel.h */ = {isa = PBXFileReference; fileEncoding = 4; lastKnownFileType = sourcecode.c.h; path = AdilTableCellViewModel.h; sourceTree = "<group>"; };
		D26A1E621308517E007B2D43 /* AdilTableCellViewModel.m */ = {isa = PBXFileReference; fileEncoding = 4; lastKnownFileType = sourcecode.c.objc; path = AdilTableCellViewModel.m; sourceTree = "<group>"; };
		D2B5104D13075159006542D9 /* sample.jpg */ = {isa = PBXFileReference; lastKnownFileType = image.jpeg; name = sample.jpg; path = Images/sample.jpg; sourceTree = "<group>"; };
		D2B5105113075269006542D9 /* sample2.jpg */ = {isa = PBXFileReference; lastKnownFileType = image.jpeg; name = sample2.jpg; path = Images/sample2.jpg; sourceTree = "<group>"; };
		D2B5105213075269006542D9 /* sample3.jpg */ = {isa = PBXFileReference; lastKnownFileType = image.jpeg; name = sample3.jpg; path = Images/sample3.jpg; sourceTree = "<group>"; };
		D2B5106313075DBA006542D9 /* adilla_logo.png */ = {isa = PBXFileReference; lastKnownFileType = image.png; name = adilla_logo.png; path = Images/adilla_logo.png; sourceTree = "<group>"; };
		D2B510811307616D006542D9 /* MainView.xib */ = {isa = PBXFileReference; lastKnownFileType = file.xib; path = MainView.xib; sourceTree = "<group>"; };
		D2B5112413077816006542D9 /* adilla_logo@2x.png */ = {isa = PBXFileReference; lastKnownFileType = image.png; name = "adilla_logo@2x.png"; path = "Images/adilla_logo@2x.png"; sourceTree = "<group>"; };
		D2B5115313077ACE006542D9 /* VideoDetailViewController.h */ = {isa = PBXFileReference; fileEncoding = 4; lastKnownFileType = sourcecode.c.h; path = VideoDetailViewController.h; sourceTree = "<group>"; };
		D2B5115413077ACE006542D9 /* VideoDetailViewController.m */ = {isa = PBXFileReference; fileEncoding = 4; lastKnownFileType = sourcecode.c.objc; path = VideoDetailViewController.m; sourceTree = "<group>"; };
		D2B5115513077ACE006542D9 /* VideoDetailViewController.xib */ = {isa = PBXFileReference; lastKnownFileType = file.xib; path = VideoDetailViewController.xib; sourceTree = "<group>"; };
		D2B5129513078977006542D9 /* FastTableViewCell.h */ = {isa = PBXFileReference; fileEncoding = 4; lastKnownFileType = sourcecode.c.h; path = FastTableViewCell.h; sourceTree = "<group>"; };
		D2B5129613078977006542D9 /* FastTableViewCell.m */ = {isa = PBXFileReference; fileEncoding = 4; lastKnownFileType = sourcecode.c.objc; path = FastTableViewCell.m; sourceTree = "<group>"; };
		D2FCE094130B621A00A1C8D0 /* AdilTableCell.h */ = {isa = PBXFileReference; fileEncoding = 4; lastKnownFileType = sourcecode.c.h; path = AdilTableCell.h; sourceTree = "<group>"; };
		D2FCE095130B621A00A1C8D0 /* AdilTableCell.m */ = {isa = PBXFileReference; fileEncoding = 4; lastKnownFileType = sourcecode.c.objc; path = AdilTableCell.m; sourceTree = "<group>"; };
		D2FCE19D130B7A3D00A1C8D0 /* app_icon.png */ = {isa = PBXFileReference; lastKnownFileType = image.png; name = app_icon.png; path = Images/app_icon.png; sourceTree = "<group>"; };
		D2FCE19E130B7A3D00A1C8D0 /* app_icon@2x.png */ = {isa = PBXFileReference; lastKnownFileType = image.png; name = "app_icon@2x.png"; path = "Images/app_icon@2x.png"; sourceTree = "<group>"; };
/* End PBXFileReference section */

/* Begin PBXFrameworksBuildPhase section */
		1D60588F0D05DD3D006BFB54 /* Frameworks */ = {
			isa = PBXFrameworksBuildPhase;
			buildActionMask = 2147483647;
			files = (
				1D60589F0D05DD5A006BFB54 /* Foundation.framework in Frameworks */,
				1DF5F4E00D08C38300B7A737 /* UIKit.framework in Frameworks */,
				288765FD0DF74451002DB57D /* CoreGraphics.framework in Frameworks */,
				D22E9326131061DB00A46975 /* MobileCoreServices.framework in Frameworks */,
				D22E93631310753700A46975 /* CFNetwork.framework in Frameworks */,
				D22E93671310755000A46975 /* SystemConfiguration.framework in Frameworks */,
				D22E936B1310755F00A46975 /* libz.dylib in Frameworks */,
				D22E97A11312B0A500A46975 /* MediaPlayer.framework in Frameworks */,
			);
			runOnlyForDeploymentPostprocessing = 0;
		};
/* End PBXFrameworksBuildPhase section */

/* Begin PBXGroup section */
		080E96DDFE201D6D7F000001 /* Classes */ = {
			isa = PBXGroup;
			children = (
				D22E933913106EF500A46975 /* Networking */,
				D26A1DC813084BB5007B2D43 /* Helpers */,
				D26A1CCE13082C4F007B2D43 /* Core Objects */,
				D26A1C8E13082649007B2D43 /* API */,
				D26A1D97130847AB007B2D43 /* ViewModels */,
				D22E92E513105FD200A46975 /* Views */,
				1D3623240D0F684500981E51 /* AditloAppDelegate.h */,
				1D3623250D0F684500981E51 /* AditloAppDelegate.m */,
			);
			path = Classes;
			sourceTree = "<group>";
		};
		19C28FACFE9D520D11CA2CBB /* Products */ = {
			isa = PBXGroup;
			children = (
				1D6058910D05DD3D006BFB54 /* Aditlo.app */,
			);
			name = Products;
			sourceTree = "<group>";
		};
		29B97314FDCFA39411CA2CEA /* CustomTemplate */ = {
			isa = PBXGroup;
			children = (
				080E96DDFE201D6D7F000001 /* Classes */,
				29B97315FDCFA39411CA2CEA /* Other Sources */,
				D2B5104C1307514D006542D9 /* Images */,
				29B97317FDCFA39411CA2CEA /* Resources */,
				29B97323FDCFA39411CA2CEA /* Frameworks */,
				19C28FACFE9D520D11CA2CBB /* Products */,
			);
			name = CustomTemplate;
			sourceTree = "<group>";
		};
		29B97315FDCFA39411CA2CEA /* Other Sources */ = {
			isa = PBXGroup;
			children = (
				32CA4F630368D1EE00C91783 /* Aditlo_Prefix.pch */,
				29B97316FDCFA39411CA2CEA /* main.m */,
			);
			name = "Other Sources";
			sourceTree = "<group>";
		};
		29B97317FDCFA39411CA2CEA /* Resources */ = {
			isa = PBXGroup;
			children = (
				28AD733E0D9D9553002E5188 /* MainWindow.xib */,
				8D1107310486CEB800E47090 /* Aditlo-Info.plist */,
			);
			name = Resources;
			sourceTree = "<group>";
		};
		29B97323FDCFA39411CA2CEA /* Frameworks */ = {
			isa = PBXGroup;
			children = (
				D22E9374131075F500A46975 /* Reachability */,
				D22E93451310752400A46975 /* ASIHTTPRequest */,
				D26A1C75130824C6007B2D43 /* JSON */,
				1DF5F4DF0D08C38300B7A737 /* UIKit.framework */,
				D22E93621310753700A46975 /* CFNetwork.framework */,
				D22E93661310755000A46975 /* SystemConfiguration.framework */,
				D22E936A1310755F00A46975 /* libz.dylib */,
				1D30AB110D05D00D00671497 /* Foundation.framework */,
				288765FC0DF74451002DB57D /* CoreGraphics.framework */,
				D22E9325131061DB00A46975 /* MobileCoreServices.framework */,
				D22E97A01312B0A500A46975 /* MediaPlayer.framework */,
			);
			name = Frameworks;
			sourceTree = "<group>";
		};
		D212350C130697400024D902 /* Adil Table */ = {
			isa = PBXGroup;
			children = (
				D22E92E613105FED00A46975 /* Recording View */,
				D2B511C313077F49006542D9 /* Faster Scrolling */,
				D2FCE094130B621A00A1C8D0 /* AdilTableCell.h */,
				D2FCE095130B621A00A1C8D0 /* AdilTableCell.m */,
				D212350D130697650024D902 /* AdilTableViewController.h */,
				D212350E130697650024D902 /* AdilTableViewController.m */,
				D212352413069C7E0024D902 /* AdilTable.h */,
				D212352513069C7E0024D902 /* AdilTable.m */,
			);
			name = "Adil Table";
			sourceTree = "<group>";
		};
		D21235961306A4670024D902 /* Main View */ = {
			isa = PBXGroup;
			children = (
				D21235971306A4A00024D902 /* MainViewController.h */,
				D21235981306A4A00024D902 /* MainViewController.m */,
				D2B510811307616D006542D9 /* MainView.xib */,
			);
			name = "Main View";
			sourceTree = "<group>";
		};
		D22E92E513105FD200A46975 /* Views */ = {
			isa = PBXGroup;
			children = (
				D212350C130697400024D902 /* Adil Table */,
				D21235961306A4670024D902 /* Main View */,
				D2B5114213077941006542D9 /* Detail View */,
			);
			name = Views;
			sourceTree = "<group>";
		};
		D22E92E613105FED00A46975 /* Recording View */ = {
			isa = PBXGroup;
			children = (
				D22E93321310639000A46975 /* AdilRecorderController.h */,
				D22E93331310639000A46975 /* AdilRecorderController.m */,
			);
			name = "Recording View";
			sourceTree = "<group>";
		};
		D22E933913106EF500A46975 /* Networking */ = {
			isa = PBXGroup;
			children = (
				D22E93991310793500A46975 /* Downloaders */,
			);
			name = Networking;
			sourceTree = "<group>";
		};
		D22E934113106FEC00A46975 /* Request Objects */ = {
			isa = PBXGroup;
			children = (
				D22E93421310700100A46975 /* CreateAdilRequest.h */,
				D22E93431310700100A46975 /* CreateAdilRequest.m */,
				D22E94B81310894100A46975 /* TodayRequest.h */,
				D22E94B91310894100A46975 /* TodayRequest.m */,
				D22E952B13108EDE00A46975 /* RequestBase.h */,
				D22E952C13108EDE00A46975 /* RequestBase.m */,
			);
			name = "Request Objects";
			sourceTree = "<group>";
		};
		D22E93451310752400A46975 /* ASIHTTPRequest */ = {
			isa = PBXGroup;
			children = (
				D22E93461310752400A46975 /* ASIAuthenticationDialog.h */,
				D22E93471310752400A46975 /* ASIAuthenticationDialog.m */,
				D22E93481310752400A46975 /* ASICacheDelegate.h */,
				D22E93491310752400A46975 /* ASIDataCompressor.h */,
				D22E934A1310752400A46975 /* ASIDataCompressor.m */,
				D22E934B1310752400A46975 /* ASIDataDecompressor.h */,
				D22E934C1310752400A46975 /* ASIDataDecompressor.m */,
				D22E934D1310752400A46975 /* ASIDownloadCache.h */,
				D22E934E1310752400A46975 /* ASIDownloadCache.m */,
				D22E934F1310752400A46975 /* ASIFormDataRequest.h */,
				D22E93501310752400A46975 /* ASIFormDataRequest.m */,
				D22E93511310752400A46975 /* ASIHTTPRequest.h */,
				D22E93521310752400A46975 /* ASIHTTPRequest.m */,
				D22E93531310752400A46975 /* ASIHTTPRequestConfig.h */,
				D22E93541310752400A46975 /* ASIHTTPRequestDelegate.h */,
				D22E93551310752400A46975 /* ASIInputStream.h */,
				D22E93561310752400A46975 /* ASIInputStream.m */,
				D22E93571310752400A46975 /* ASINetworkQueue.h */,
				D22E93581310752400A46975 /* ASINetworkQueue.m */,
				D22E93591310752400A46975 /* ASIProgressDelegate.h */,
			);
			name = ASIHTTPRequest;
			path = Lib/ASIHTTPRequest;
			sourceTree = "<group>";
		};
		D22E9374131075F500A46975 /* Reachability */ = {
			isa = PBXGroup;
			children = (
				D22E9375131075F500A46975 /* Reachability.h */,
				D22E9376131075F500A46975 /* Reachability.m */,
			);
			name = Reachability;
			path = Lib/Reachability;
			sourceTree = "<group>";
		};
		D22E93991310793500A46975 /* Downloaders */ = {
			isa = PBXGroup;
			children = (
				D26A1DC913084C67007B2D43 /* ThumbDownloader.h */,
				D26A1DCA13084C67007B2D43 /* ThumbDownloader.m */,
			);
			name = Downloaders;
			sourceTree = "<group>";
		};
		D22E952113108DC500A46975 /* Misc */ = {
			isa = PBXGroup;
			children = (
				D22E94C913108B9200A46975 /* JSONParser.h */,
				D22E94CA13108B9200A46975 /* JSONParser.m */,
			);
			name = Misc;
			sourceTree = "<group>";
		};
		D26A1C6B13082249007B2D43 /* Result Objects */ = {
			isa = PBXGroup;
			children = (
				D26A1C6C13082269007B2D43 /* TodayResult.h */,
				D26A1C6D13082269007B2D43 /* TodayResult.m */,
			);
			name = "Result Objects";
			sourceTree = "<group>";
		};
		D26A1C75130824C6007B2D43 /* JSON */ = {
			isa = PBXGroup;
			children = (
				D26A1C7C13082590007B2D43 /* JSON.h */,
				D26A1C7D13082590007B2D43 /* NSObject+SBJSON.h */,
				D26A1C7E13082590007B2D43 /* NSObject+SBJSON.m */,
				D26A1C7F13082590007B2D43 /* NSString+SBJSON.h */,
				D26A1C8013082590007B2D43 /* NSString+SBJSON.m */,
				D26A1C8113082590007B2D43 /* SBJsonBase.h */,
				D26A1C8213082590007B2D43 /* SBJsonBase.m */,
				D26A1C8313082590007B2D43 /* SBJsonParser.h */,
				D26A1C8413082590007B2D43 /* SBJsonParser.m */,
				D26A1C8513082590007B2D43 /* SBJsonWriter.h */,
				D26A1C8613082590007B2D43 /* SBJsonWriter.m */,
			);
			name = JSON;
			sourceTree = "<group>";
		};
		D26A1C8E13082649007B2D43 /* API */ = {
			isa = PBXGroup;
			children = (
				D26A1DF813084F17007B2D43 /* Grouped Import Headers */,
				D22E952113108DC500A46975 /* Misc */,
				D22E934113106FEC00A46975 /* Request Objects */,
				D26A1C6B13082249007B2D43 /* Result Objects */,
			);
			name = API;
			sourceTree = "<group>";
		};
		D26A1CCE13082C4F007B2D43 /* Core Objects */ = {
			isa = PBXGroup;
			children = (
				D26A1CFD1308346E007B2D43 /* Constants */,
				D26A1CCF13082C59007B2D43 /* Adil.h */,
				D26A1CD013082C59007B2D43 /* Adil.m */,
			);
			name = "Core Objects";
			sourceTree = "<group>";
		};
		D26A1CFD1308346E007B2D43 /* Constants */ = {
			isa = PBXGroup;
			children = (
				D26A1CFA13083323007B2D43 /* Constants.h */,
				D26A1CFB13083323007B2D43 /* Constants.m */,
				D26A1CFE1308347D007B2D43 /* C.h */,
				D26A1CFF1308347D007B2D43 /* C.m */,
			);
			name = Constants;
			sourceTree = "<group>";
		};
		D26A1D97130847AB007B2D43 /* ViewModels */ = {
			isa = PBXGroup;
			children = (
				D26A1D9B13084823007B2D43 /* AdilViewModel.h */,
				D26A1D9C13084823007B2D43 /* AdilViewModel.m */,
				D26A1E611308517E007B2D43 /* AdilTableCellViewModel.h */,
				D26A1E621308517E007B2D43 /* AdilTableCellViewModel.m */,
			);
			name = ViewModels;
			sourceTree = "<group>";
		};
		D26A1DC813084BB5007B2D43 /* Helpers */ = {
			isa = PBXGroup;
			children = (
			);
			name = Helpers;
			sourceTree = "<group>";
		};
		D26A1DF813084F17007B2D43 /* Grouped Import Headers */ = {
			isa = PBXGroup;
			children = (
				D26A1DF713084EFB007B2D43 /* ResultHeaders.h */,
				D22E95721310945F00A46975 /* RequestHeaders.h */,
			);
			name = "Grouped Import Headers";
			sourceTree = "<group>";
		};
		D2B5104C1307514D006542D9 /* Images */ = {
			isa = PBXGroup;
			children = (
				D2FCE19D130B7A3D00A1C8D0 /* app_icon.png */,
				D2FCE19E130B7A3D00A1C8D0 /* app_icon@2x.png */,
				D2B5112413077816006542D9 /* adilla_logo@2x.png */,
				D2B5106313075DBA006542D9 /* adilla_logo.png */,
				D2B5105113075269006542D9 /* sample2.jpg */,
				D2B5105213075269006542D9 /* sample3.jpg */,
				D2B5104D13075159006542D9 /* sample.jpg */,
			);
			name = Images;
			sourceTree = "<group>";
		};
		D2B5114213077941006542D9 /* Detail View */ = {
			isa = PBXGroup;
			children = (
				D2B5115313077ACE006542D9 /* VideoDetailViewController.h */,
				D2B5115413077ACE006542D9 /* VideoDetailViewController.m */,
				D2B5115513077ACE006542D9 /* VideoDetailViewController.xib */,
			);
			name = "Detail View";
			sourceTree = "<group>";
		};
		D2B511C313077F49006542D9 /* Faster Scrolling */ = {
			isa = PBXGroup;
			children = (
				D2B5129513078977006542D9 /* FastTableViewCell.h */,
				D2B5129613078977006542D9 /* FastTableViewCell.m */,
			);
			name = "Faster Scrolling";
			sourceTree = "<group>";
		};
/* End PBXGroup section */

/* Begin PBXNativeTarget section */
		1D6058900D05DD3D006BFB54 /* Adilla */ = {
			isa = PBXNativeTarget;
			buildConfigurationList = 1D6058960D05DD3E006BFB54 /* Build configuration list for PBXNativeTarget "Adilla" */;
			buildPhases = (
				1D60588D0D05DD3D006BFB54 /* Resources */,
				1D60588E0D05DD3D006BFB54 /* Sources */,
				1D60588F0D05DD3D006BFB54 /* Frameworks */,
			);
			buildRules = (
			);
			dependencies = (
			);
			name = Adilla;
			productName = Aditlo;
			productReference = 1D6058910D05DD3D006BFB54 /* Aditlo.app */;
			productType = "com.apple.product-type.application";
		};
/* End PBXNativeTarget section */

/* Begin PBXProject section */
		29B97313FDCFA39411CA2CEA /* Project object */ = {
			isa = PBXProject;
			buildConfigurationList = C01FCF4E08A954540054247B /* Build configuration list for PBXProject "Aditlo" */;
			compatibilityVersion = "Xcode 3.1";
			developmentRegion = English;
			hasScannedForEncodings = 1;
			knownRegions = (
				English,
				Japanese,
				French,
				German,
			);
			mainGroup = 29B97314FDCFA39411CA2CEA /* CustomTemplate */;
			projectDirPath = "";
			projectRoot = "";
			targets = (
				1D6058900D05DD3D006BFB54 /* Adilla */,
			);
		};
/* End PBXProject section */

/* Begin PBXResourcesBuildPhase section */
		1D60588D0D05DD3D006BFB54 /* Resources */ = {
			isa = PBXResourcesBuildPhase;
			buildActionMask = 2147483647;
			files = (
				28AD733F0D9D9553002E5188 /* MainWindow.xib in Resources */,
				D2B5104E13075159006542D9 /* sample.jpg in Resources */,
				D2B5105313075269006542D9 /* sample2.jpg in Resources */,
				D2B5105413075269006542D9 /* sample3.jpg in Resources */,
				D2B5106413075DBA006542D9 /* adilla_logo.png in Resources */,
				D2B510821307616D006542D9 /* MainView.xib in Resources */,
				D2B5112513077816006542D9 /* adilla_logo@2x.png in Resources */,
				D2B5115713077ACE006542D9 /* VideoDetailViewController.xib in Resources */,
				D2FCE19F130B7A3D00A1C8D0 /* app_icon.png in Resources */,
				D2FCE1A0130B7A3D00A1C8D0 /* app_icon@2x.png in Resources */,
			);
			runOnlyForDeploymentPostprocessing = 0;
		};
/* End PBXResourcesBuildPhase section */

/* Begin PBXSourcesBuildPhase section */
		1D60588E0D05DD3D006BFB54 /* Sources */ = {
			isa = PBXSourcesBuildPhase;
			buildActionMask = 2147483647;
			files = (
				1D60589B0D05DD56006BFB54 /* main.m in Sources */,
				1D3623260D0F684500981E51 /* AditloAppDelegate.m in Sources */,
				D2123510130697650024D902 /* AdilTableViewController.m in Sources */,
				D212352713069C7E0024D902 /* AdilTable.m in Sources */,
				D212359A1306A4A00024D902 /* MainViewController.m in Sources */,
				D2B5115613077ACE006542D9 /* VideoDetailViewController.m in Sources */,
				D2B5129713078977006542D9 /* FastTableViewCell.m in Sources */,
				D26A1C6E13082269007B2D43 /* TodayResult.m in Sources */,
				D26A1C8713082590007B2D43 /* NSObject+SBJSON.m in Sources */,
				D26A1C8813082590007B2D43 /* NSString+SBJSON.m in Sources */,
				D26A1C8913082590007B2D43 /* SBJsonBase.m in Sources */,
				D26A1C8A13082590007B2D43 /* SBJsonParser.m in Sources */,
				D26A1C8B13082590007B2D43 /* SBJsonWriter.m in Sources */,
				D26A1CD113082C59007B2D43 /* Adil.m in Sources */,
				D26A1CFC13083323007B2D43 /* Constants.m in Sources */,
				D26A1D001308347D007B2D43 /* C.m in Sources */,
				D26A1D9D13084823007B2D43 /* AdilViewModel.m in Sources */,
				D26A1DCB13084C67007B2D43 /* ThumbDownloader.m in Sources */,
				D26A1E631308517E007B2D43 /* AdilTableCellViewModel.m in Sources */,
				D2FCE096130B621A00A1C8D0 /* AdilTableCell.m in Sources */,
				D22E93341310639000A46975 /* AdilRecorderController.m in Sources */,
				D22E93441310700100A46975 /* CreateAdilRequest.m in Sources */,
				D22E935A1310752400A46975 /* ASIAuthenticationDialog.m in Sources */,
				D22E935B1310752400A46975 /* ASIDataCompressor.m in Sources */,
				D22E935C1310752400A46975 /* ASIDataDecompressor.m in Sources */,
				D22E935D1310752400A46975 /* ASIDownloadCache.m in Sources */,
				D22E935E1310752400A46975 /* ASIFormDataRequest.m in Sources */,
				D22E935F1310752400A46975 /* ASIHTTPRequest.m in Sources */,
				D22E93601310752400A46975 /* ASIInputStream.m in Sources */,
				D22E93611310752400A46975 /* ASINetworkQueue.m in Sources */,
				D22E9377131075F500A46975 /* Reachability.m in Sources */,
				D22E94BA1310894100A46975 /* TodayRequest.m in Sources */,
				D22E94CB13108B9200A46975 /* JSONParser.m in Sources */,
				D22E952D13108EDE00A46975 /* RequestBase.m in Sources */,
			);
			runOnlyForDeploymentPostprocessing = 0;
		};
/* End PBXSourcesBuildPhase section */

/* Begin XCBuildConfiguration section */
		1D6058940D05DD3E006BFB54 /* Debug */ = {
			isa = XCBuildConfiguration;
			buildSettings = {
				ALWAYS_SEARCH_USER_PATHS = NO;
				COPY_PHASE_STRIP = NO;
				GCC_DYNAMIC_NO_PIC = NO;
				GCC_OPTIMIZATION_LEVEL = 0;
				GCC_PRECOMPILE_PREFIX_HEADER = YES;
				GCC_PREFIX_HEADER = Aditlo_Prefix.pch;
				INFOPLIST_FILE = "Aditlo-Info.plist";
				PRODUCT_NAME = Aditlo;
			};
			name = Debug;
		};
		1D6058950D05DD3E006BFB54 /* Release */ = {
			isa = XCBuildConfiguration;
			buildSettings = {
				ALWAYS_SEARCH_USER_PATHS = NO;
				COPY_PHASE_STRIP = YES;
				GCC_PRECOMPILE_PREFIX_HEADER = YES;
				GCC_PREFIX_HEADER = Aditlo_Prefix.pch;
				INFOPLIST_FILE = "Aditlo-Info.plist";
				PRODUCT_NAME = Aditlo;
				VALIDATE_PRODUCT = YES;
			};
			name = Release;
		};
		C01FCF4F08A954540054247B /* Debug */ = {
			isa = XCBuildConfiguration;
			buildSettings = {
				ARCHS = "$(ARCHS_STANDARD_32_BIT)";
				"CODE_SIGN_IDENTITY[sdk=iphoneos*]" = "iPhone Developer";
				GCC_C_LANGUAGE_STANDARD = c99;
				GCC_PREPROCESSOR_DEFINITIONS = DEV_BUILD;
				GCC_WARN_ABOUT_RETURN_TYPE = YES;
				GCC_WARN_UNUSED_VARIABLE = YES;
				PREBINDING = NO;
				SDKROOT = iphoneos;
			};
			name = Debug;
		};
		C01FCF5008A954540054247B /* Release */ = {
			isa = XCBuildConfiguration;
			buildSettings = {
				ARCHS = "$(ARCHS_STANDARD_32_BIT)";
				"CODE_SIGN_IDENTITY[sdk=iphoneos*]" = "iPhone Developer";
				GCC_C_LANGUAGE_STANDARD = c99;
				GCC_WARN_ABOUT_RETURN_TYPE = YES;
				GCC_WARN_UNUSED_VARIABLE = YES;
				OTHER_CFLAGS = "-DNS_BLOCK_ASSERTIONS=1";
				PREBINDING = NO;
				SDKROOT = iphoneos;
			};
			name = Release;
		};
		D2FCE26F130C763700A1C8D0 /* Testing */ = {
			isa = XCBuildConfiguration;
			buildSettings = {
				ARCHS = "$(ARCHS_STANDARD_32_BIT)";
				"CODE_SIGN_IDENTITY[sdk=iphoneos*]" = "iPhone Developer";
				GCC_C_LANGUAGE_STANDARD = c99;
				GCC_PREPROCESSOR_DEFINITIONS = TEST_BUILD;
				GCC_WARN_ABOUT_RETURN_TYPE = YES;
				GCC_WARN_UNUSED_VARIABLE = YES;
				OTHER_CFLAGS = "-DNS_BLOCK_ASSERTIONS=1";
				PREBINDING = NO;
				SDKROOT = iphoneos;
			};
			name = Testing;
		};
		D2FCE270130C763700A1C8D0 /* Testing */ = {
			isa = XCBuildConfiguration;
			buildSettings = {
				ALWAYS_SEARCH_USER_PATHS = NO;
				COPY_PHASE_STRIP = YES;
				GCC_PRECOMPILE_PREFIX_HEADER = YES;
				GCC_PREFIX_HEADER = Aditlo_Prefix.pch;
				INFOPLIST_FILE = "Aditlo-Info.plist";
				PRODUCT_NAME = Aditlo;
				VALIDATE_PRODUCT = YES;
			};
			name = Testing;
		};
/* End XCBuildConfiguration section */

/* Begin XCConfigurationList section */
		1D6058960D05DD3E006BFB54 /* Build configuration list for PBXNativeTarget "Adilla" */ = {
			isa = XCConfigurationList;
			buildConfigurations = (
				1D6058940D05DD3E006BFB54 /* Debug */,
				1D6058950D05DD3E006BFB54 /* Release */,
				D2FCE270130C763700A1C8D0 /* Testing */,
			);
			defaultConfigurationIsVisible = 0;
			defaultConfigurationName = Release;
		};
		C01FCF4E08A954540054247B /* Build configuration list for PBXProject "Aditlo" */ = {
			isa = XCConfigurationList;
			buildConfigurations = (
				C01FCF4F08A954540054247B /* Debug */,
				C01FCF5008A954540054247B /* Release */,
				D2FCE26F130C763700A1C8D0 /* Testing */,
			);
			defaultConfigurationIsVisible = 0;
			defaultConfigurationName = Release;
		};
/* End XCConfigurationList section */
	};
	rootObject = 29B97313FDCFA39411CA2CEA /* Project object */;
}
